
Microsoft Visual Studio Solution File, Format Version 12.00
# Visual Studio 2012
Project("{8BC9CEB8-8B4A-11D0-8D11-00A0C91BC942}") = "Assign_03_05 - Towers of Hanoi", "Assign_03_05 - Towers of Hanoi\Assign_03_05 - Towers of Hanoi.vcxproj", "{D45A832C-8261-465E-BFEF-DA8133A4325D}"
EndProject
Global
	GlobalSection(SolutionConfigurationPlatforms) = preSolution
		Debug|Win32 = Debug|Win32
		Release|Win32 = Release|Win32
	EndGlobalSection
	GlobalSection(ProjectConfigurationPlatforms) = postSolution
		{D45A832C-8261-465E-BFEF-DA8133A4325D}.Debug|Win32.ActiveCfg = Debug|Win32
		{D45A832C-8261-465E-BFEF-DA8133A4325D}.Debug|Win32.Build.0 = Debug|Win32
		{D45A832C-8261-465E-BFEF-DA8133A4325D}.Release|Win32.ActiveCfg = Release|Win32
		{D45A832C-8261-465E-BFEF-DA8133A4325D}.Release|Win32.Build.0 = Release|Win32
	EndGlobalSection
	GlobalSection(SolutionProperties) = preSolution
		HideSolutionNode = FALSE
	EndGlobalSection
EndGlobal
