
Microsoft Visual Studio Solution File, Format Version 12.00
# Visual Studio 2012
Project("{8BC9CEB8-8B4A-11D0-8D11-00A0C91BC942}") = "Assign_01_03 - Even Fibonacci", "Assign_01_03 - Even Fibonacci\Assign_01_03 - Even Fibonacci.vcxproj", "{4E057C1B-BA25-4CC6-8772-F00D599A8D26}"
EndProject
Global
	GlobalSection(SolutionConfigurationPlatforms) = preSolution
		Debug|Win32 = Debug|Win32
		Release|Win32 = Release|Win32
	EndGlobalSection
	GlobalSection(ProjectConfigurationPlatforms) = postSolution
		{4E057C1B-BA25-4CC6-8772-F00D599A8D26}.Debug|Win32.ActiveCfg = Debug|Win32
		{4E057C1B-BA25-4CC6-8772-F00D599A8D26}.Debug|Win32.Build.0 = Debug|Win32
		{4E057C1B-BA25-4CC6-8772-F00D599A8D26}.Release|Win32.ActiveCfg = Release|Win32
		{4E057C1B-BA25-4CC6-8772-F00D599A8D26}.Release|Win32.Build.0 = Release|Win32
	EndGlobalSection
	GlobalSection(SolutionProperties) = preSolution
		HideSolutionNode = FALSE
	EndGlobalSection
EndGlobal
