
Microsoft Visual Studio Solution File, Format Version 12.00
# Visual Studio 2012
Project("{8BC9CEB8-8B4A-11D0-8D11-00A0C91BC942}") = "Assign_02_02 - Queue", "Assign_02_02 - Queue\Assign_02_02 - Queue.vcxproj", "{F27565E4-32A9-438E-8067-A3924D552597}"
EndProject
Global
	GlobalSection(SolutionConfigurationPlatforms) = preSolution
		Debug|Win32 = Debug|Win32
		Release|Win32 = Release|Win32
	EndGlobalSection
	GlobalSection(ProjectConfigurationPlatforms) = postSolution
		{F27565E4-32A9-438E-8067-A3924D552597}.Debug|Win32.ActiveCfg = Debug|Win32
		{F27565E4-32A9-438E-8067-A3924D552597}.Debug|Win32.Build.0 = Debug|Win32
		{F27565E4-32A9-438E-8067-A3924D552597}.Release|Win32.ActiveCfg = Release|Win32
		{F27565E4-32A9-438E-8067-A3924D552597}.Release|Win32.Build.0 = Release|Win32
	EndGlobalSection
	GlobalSection(SolutionProperties) = preSolution
		HideSolutionNode = FALSE
	EndGlobalSection
EndGlobal
