
Microsoft Visual Studio Solution File, Format Version 12.00
# Visual Studio 2012
Project("{8BC9CEB8-8B4A-11D0-8D11-00A0C91BC942}") = "Assign_05_01 - Tree Sort", "Assign_05_01 - Tree Sort\Assign_05_01 - Tree Sort.vcxproj", "{DEAAC8CB-DFD1-44FE-A4CA-53FBFB272C89}"
EndProject
Global
	GlobalSection(SolutionConfigurationPlatforms) = preSolution
		Debug|Win32 = Debug|Win32
		Release|Win32 = Release|Win32
	EndGlobalSection
	GlobalSection(ProjectConfigurationPlatforms) = postSolution
		{DEAAC8CB-DFD1-44FE-A4CA-53FBFB272C89}.Debug|Win32.ActiveCfg = Debug|Win32
		{DEAAC8CB-DFD1-44FE-A4CA-53FBFB272C89}.Debug|Win32.Build.0 = Debug|Win32
		{DEAAC8CB-DFD1-44FE-A4CA-53FBFB272C89}.Release|Win32.ActiveCfg = Release|Win32
		{DEAAC8CB-DFD1-44FE-A4CA-53FBFB272C89}.Release|Win32.Build.0 = Release|Win32
	EndGlobalSection
	GlobalSection(SolutionProperties) = preSolution
		HideSolutionNode = FALSE
	EndGlobalSection
EndGlobal
