
Microsoft Visual Studio Solution File, Format Version 12.00
# Visual Studio 2012
Project("{8BC9CEB8-8B4A-11D0-8D11-00A0C91BC942}") = "Assign_06_01 - Linked List Hash", "Assign_06_01 - Linked List Hash\Assign_06_01 - Linked List Hash.vcxproj", "{C9B58FAB-5F17-43B0-BCFF-6AFE57420F72}"
EndProject
Global
	GlobalSection(SolutionConfigurationPlatforms) = preSolution
		Debug|Win32 = Debug|Win32
		Release|Win32 = Release|Win32
	EndGlobalSection
	GlobalSection(ProjectConfigurationPlatforms) = postSolution
		{C9B58FAB-5F17-43B0-BCFF-6AFE57420F72}.Debug|Win32.ActiveCfg = Debug|Win32
		{C9B58FAB-5F17-43B0-BCFF-6AFE57420F72}.Debug|Win32.Build.0 = Debug|Win32
		{C9B58FAB-5F17-43B0-BCFF-6AFE57420F72}.Release|Win32.ActiveCfg = Release|Win32
		{C9B58FAB-5F17-43B0-BCFF-6AFE57420F72}.Release|Win32.Build.0 = Release|Win32
	EndGlobalSection
	GlobalSection(SolutionProperties) = preSolution
		HideSolutionNode = FALSE
	EndGlobalSection
EndGlobal
